{
  "name": "petr-makr",
  "lockfileVersion": 3,
  "requires": true,
  "packages": {
    "": {
      "dependencies": {
        "@types/fabric": "^5.3.3"
      }
    },
    "node_modules/@types/fabric": {
      "version": "5.3.3",
      "resolved": "https://registry.npmjs.org/@types/fabric/-/fabric-5.3.3.tgz",
      "integrity": "sha512-O+lGsf5MXhkr4CZhZBE2foxIU1yZklTwhmZxFbTeBNWEqrvwGeq4c8TWJBKAqiISYRu7bDIMLZUPacFodbVD0g=="
    }
  }
}
